
Microsoft Visual Studio Solution File, Format Version 12.00
# Visual Studio Version 16
VisualStudioVersion = 16.0.33328.57
MinimumVisualStudioVersion = 10.0.40219.1
Project("{FAE04EC0-301F-11D3-BF4B-00C04F79EFBC}") = "QLSV", "QLSV\QLSV.csproj", "{B4BDDCF4-6A6B-432A-9FFF-D7F06057F3E2}"
EndProject
Global
	GlobalSection(SolutionConfigurationPlatforms) = preSolution
		Debug|Any CPU = Debug|Any CPU
		Release|Any CPU = Release|Any CPU
	EndGlobalSection
	GlobalSection(ProjectConfigurationPlatforms) = postSolution
		{B4BDDCF4-6A6B-432A-9FFF-D7F06057F3E2}.Debug|Any CPU.ActiveCfg = Debug|Any CPU
		{B4BDDCF4-6A6B-432A-9FFF-D7F06057F3E2}.Debug|Any CPU.Build.0 = Debug|Any CPU
		{B4BDDCF4-6A6B-432A-9FFF-D7F06057F3E2}.Release|Any CPU.ActiveCfg = Release|Any CPU
		{B4BDDCF4-6A6B-432A-9FFF-D7F06057F3E2}.Release|Any CPU.Build.0 = Release|Any CPU
	EndGlobalSection
	GlobalSection(SolutionProperties) = preSolution
		HideSolutionNode = FALSE
	EndGlobalSection
	GlobalSection(ExtensibilityGlobals) = postSolution
		SolutionGuid = {AA3C699B-F7C0-4F88-A5D2-6F3DB38614B4}
	EndGlobalSection
EndGlobal
